
Microsoft Visual Studio Solution File, Format Version 12.00
# Visual Studio Version 17
VisualStudioVersion = 17.13.35931.197 d17.13
MinimumVisualStudioVersion = 10.0.40219.1
Project("{FAE04EC0-301F-11D3-BF4B-00C04F79EFBC}") = "ExerciseDelegates", "ExerciseDelegates\ExerciseDelegates.csproj", "{4E1C79F2-C040-4291-9260-B46DD3414761}"
EndProject
Global
	GlobalSection(SolutionConfigurationPlatforms) = preSolution
		Debug|Any CPU = Debug|Any CPU
		Release|Any CPU = Release|Any CPU
	EndGlobalSection
	GlobalSection(ProjectConfigurationPlatforms) = postSolution
		{4E1C79F2-C040-4291-9260-B46DD3414761}.Debug|Any CPU.ActiveCfg = Debug|Any CPU
		{4E1C79F2-C040-4291-9260-B46DD3414761}.Debug|Any CPU.Build.0 = Debug|Any CPU
		{4E1C79F2-C040-4291-9260-B46DD3414761}.Release|Any CPU.ActiveCfg = Release|Any CPU
		{4E1C79F2-C040-4291-9260-B46DD3414761}.Release|Any CPU.Build.0 = Release|Any CPU
	EndGlobalSection
	GlobalSection(SolutionProperties) = preSolution
		HideSolutionNode = FALSE
	EndGlobalSection
	GlobalSection(ExtensibilityGlobals) = postSolution
		SolutionGuid = {1B71EC3B-4515-419F-B4B7-48D073958048}
	EndGlobalSection
EndGlobal
